
Microsoft Visual Studio Solution File, Format Version 12.00
# Visual Studio Version 16
VisualStudioVersion = 16.0.30114.105
MinimumVisualStudioVersion = 10.0.40219.1
Project("{F2A71F9B-5D33-465A-A702-920D77279786}") = "day08.Tests", "day08.Tests\day08.Tests.fsproj", "{8A6F7B93-DC30-43B6-8288-604B002A52EE}"
EndProject
Global
	GlobalSection(SolutionConfigurationPlatforms) = preSolution
		Debug|Any CPU = Debug|Any CPU
		Release|Any CPU = Release|Any CPU
	EndGlobalSection
	GlobalSection(SolutionProperties) = preSolution
		HideSolutionNode = FALSE
	EndGlobalSection
	GlobalSection(ProjectConfigurationPlatforms) = postSolution
		{8A6F7B93-DC30-43B6-8288-604B002A52EE}.Debug|Any CPU.ActiveCfg = Debug|Any CPU
		{8A6F7B93-DC30-43B6-8288-604B002A52EE}.Debug|Any CPU.Build.0 = Debug|Any CPU
		{8A6F7B93-DC30-43B6-8288-604B002A52EE}.Release|Any CPU.ActiveCfg = Release|Any CPU
		{8A6F7B93-DC30-43B6-8288-604B002A52EE}.Release|Any CPU.Build.0 = Release|Any CPU
	EndGlobalSection
EndGlobal
